
Microsoft Visual Studio Solution File, Format Version 12.00
# Visual Studio Version 16
VisualStudioVersion = 16.0.31911.196
MinimumVisualStudioVersion = 10.0.40219.1
Project("{9A19103F-16F7-4668-BE54-9A1E7A4F7556}") = "KampIntro", "KampIntro\KampIntro.csproj", "{4F2CA76B-73A9-47B9-850E-D14FA0EFB8E8}"
EndProject
Project("{9A19103F-16F7-4668-BE54-9A1E7A4F7556}") = "Donguler", "Donguler\Donguler.csproj", "{BA4A312E-212E-4E50-89AC-9E381B6CC760}"
EndProject
Project("{9A19103F-16F7-4668-BE54-9A1E7A4F7556}") = "ClassIntro", "ClassIntro\ClassIntro.csproj", "{078B81DF-EABE-4C21-94B2-E17C9252FDFA}"
EndProject
Project("{9A19103F-16F7-4668-BE54-9A1E7A4F7556}") = "Odev", "Odev\Odev.csproj", "{8A8BF5BC-F98F-4E68-8DE7-626E22CB1244}"
EndProject
Project("{9A19103F-16F7-4668-BE54-9A1E7A4F7556}") = "Metotlar", "Metotlar\Metotlar.csproj", "{20FB08A6-ACD5-4597-A5AC-9C30C15A2F40}"
EndProject
Project("{9A19103F-16F7-4668-BE54-9A1E7A4F7556}") = "Matematik", "Matematik\Matematik.csproj", "{C19CECCB-AB6B-459B-8E40-91BDCFAE1941}"
EndProject
Project("{9A19103F-16F7-4668-BE54-9A1E7A4F7556}") = "DegerVeReferansTipler", "DegerVeReferansTipler\DegerVeReferansTipler.csproj", "{0242AA12-A6EB-421F-916D-100B91F6ACCB}"
EndProject
Project("{9A19103F-16F7-4668-BE54-9A1E7A4F7556}") = "ClassMetotDemo", "ClassMetotDemo\ClassMetotDemo.csproj", "{4632904F-55C5-47BE-A0B9-1F060E1F10DE}"
EndProject
Project("{9A19103F-16F7-4668-BE54-9A1E7A4F7556}") = "OOP1", "OOP1\OOP1.csproj", "{F195A065-D692-4CEF-8918-C19A194D8126}"
EndProject
Project("{9A19103F-16F7-4668-BE54-9A1E7A4F7556}") = "Koleksiyonlar", "Koleksiyonlar\Koleksiyonlar.csproj", "{3CD1E82B-01F8-452C-964E-F4DA7B1211AB}"
EndProject
Project("{9A19103F-16F7-4668-BE54-9A1E7A4F7556}") = "GenericsIntro", "GenericsIntro\GenericsIntro.csproj", "{91DB9356-31C5-47C0-9209-C3C0FD8F6C32}"
EndProject
Project("{9A19103F-16F7-4668-BE54-9A1E7A4F7556}") = "Odev2", "Odev2\Odev2.csproj", "{B9FDBD7B-BFC2-4387-BBC9-BDB3831587FB}"
EndProject
Project("{9A19103F-16F7-4668-BE54-9A1E7A4F7556}") = "OOP2", "OOP2\OOP2.csproj", "{1D142A62-48AC-4AFF-8E45-22E6672B02BC}"
EndProject
Project("{9A19103F-16F7-4668-BE54-9A1E7A4F7556}") = "OOP3", "OOP3\OOP3.csproj", "{928611BE-6239-4882-8E12-EBB9442AEBC8}"
EndProject
Project("{FAE04EC0-301F-11D3-BF4B-00C04F79EFBC}") = "InterfaceAbstractDemo", "InterfaceAbstractDemo\InterfaceAbstractDemo.csproj", "{021D2ED7-9B27-466D-8F3E-1F0D79E52D98}"
EndProject
Global
	GlobalSection(SolutionConfigurationPlatforms) = preSolution
		Debug|Any CPU = Debug|Any CPU
		Release|Any CPU = Release|Any CPU
	EndGlobalSection
	GlobalSection(ProjectConfigurationPlatforms) = postSolution
		{4F2CA76B-73A9-47B9-850E-D14FA0EFB8E8}.Debug|Any CPU.ActiveCfg = Debug|Any CPU
		{4F2CA76B-73A9-47B9-850E-D14FA0EFB8E8}.Debug|Any CPU.Build.0 = Debug|Any CPU
		{4F2CA76B-73A9-47B9-850E-D14FA0EFB8E8}.Release|Any CPU.ActiveCfg = Release|Any CPU
		{4F2CA76B-73A9-47B9-850E-D14FA0EFB8E8}.Release|Any CPU.Build.0 = Release|Any CPU
		{BA4A312E-212E-4E50-89AC-9E381B6CC760}.Debug|Any CPU.ActiveCfg = Debug|Any CPU
		{BA4A312E-212E-4E50-89AC-9E381B6CC760}.Debug|Any CPU.Build.0 = Debug|Any CPU
		{BA4A312E-212E-4E50-89AC-9E381B6CC760}.Release|Any CPU.ActiveCfg = Release|Any CPU
		{BA4A312E-212E-4E50-89AC-9E381B6CC760}.Release|Any CPU.Build.0 = Release|Any CPU
		{078B81DF-EABE-4C21-94B2-E17C9252FDFA}.Debug|Any CPU.ActiveCfg = Debug|Any CPU
		{078B81DF-EABE-4C21-94B2-E17C9252FDFA}.Debug|Any CPU.Build.0 = Debug|Any CPU
		{078B81DF-EABE-4C21-94B2-E17C9252FDFA}.Release|Any CPU.ActiveCfg = Release|Any CPU
		{078B81DF-EABE-4C21-94B2-E17C9252FDFA}.Release|Any CPU.Build.0 = Release|Any CPU
		{8A8BF5BC-F98F-4E68-8DE7-626E22CB1244}.Debug|Any CPU.ActiveCfg = Debug|Any CPU
		{8A8BF5BC-F98F-4E68-8DE7-626E22CB1244}.Debug|Any CPU.Build.0 = Debug|Any CPU
		{8A8BF5BC-F98F-4E68-8DE7-626E22CB1244}.Release|Any CPU.ActiveCfg = Release|Any CPU
		{8A8BF5BC-F98F-4E68-8DE7-626E22CB1244}.Release|Any CPU.Build.0 = Release|Any CPU
		{20FB08A6-ACD5-4597-A5AC-9C30C15A2F40}.Debug|Any CPU.ActiveCfg = Debug|Any CPU
		{20FB08A6-ACD5-4597-A5AC-9C30C15A2F40}.Debug|Any CPU.Build.0 = Debug|Any CPU
		{20FB08A6-ACD5-4597-A5AC-9C30C15A2F40}.Release|Any CPU.ActiveCfg = Release|Any CPU
		{20FB08A6-ACD5-4597-A5AC-9C30C15A2F40}.Release|Any CPU.Build.0 = Release|Any CPU
		{C19CECCB-AB6B-459B-8E40-91BDCFAE1941}.Debug|Any CPU.ActiveCfg = Debug|Any CPU
		{C19CECCB-AB6B-459B-8E40-91BDCFAE1941}.Debug|Any CPU.Build.0 = Debug|Any CPU
		{C19CECCB-AB6B-459B-8E40-91BDCFAE1941}.Release|Any CPU.ActiveCfg = Release|Any CPU
		{C19CECCB-AB6B-459B-8E40-91BDCFAE1941}.Release|Any CPU.Build.0 = Release|Any CPU
		{0242AA12-A6EB-421F-916D-100B91F6ACCB}.Debug|Any CPU.ActiveCfg = Debug|Any CPU
		{0242AA12-A6EB-421F-916D-100B91F6ACCB}.Debug|Any CPU.Build.0 = Debug|Any CPU
		{0242AA12-A6EB-421F-916D-100B91F6ACCB}.Release|Any CPU.ActiveCfg = Release|Any CPU
		{0242AA12-A6EB-421F-916D-100B91F6ACCB}.Release|Any CPU.Build.0 = Release|Any CPU
		{4632904F-55C5-47BE-A0B9-1F060E1F10DE}.Debug|Any CPU.ActiveCfg = Debug|Any CPU
		{4632904F-55C5-47BE-A0B9-1F060E1F10DE}.Debug|Any CPU.Build.0 = Debug|Any CPU
		{4632904F-55C5-47BE-A0B9-1F060E1F10DE}.Release|Any CPU.ActiveCfg = Release|Any CPU
		{4632904F-55C5-47BE-A0B9-1F060E1F10DE}.Release|Any CPU.Build.0 = Release|Any CPU
		{F195A065-D692-4CEF-8918-C19A194D8126}.Debug|Any CPU.ActiveCfg = Debug|Any CPU
		{F195A065-D692-4CEF-8918-C19A194D8126}.Debug|Any CPU.Build.0 = Debug|Any CPU
		{F195A065-D692-4CEF-8918-C19A194D8126}.Release|Any CPU.ActiveCfg = Release|Any CPU
		{F195A065-D692-4CEF-8918-C19A194D8126}.Release|Any CPU.Build.0 = Release|Any CPU
		{3CD1E82B-01F8-452C-964E-F4DA7B1211AB}.Debug|Any CPU.ActiveCfg = Debug|Any CPU
		{3CD1E82B-01F8-452C-964E-F4DA7B1211AB}.Debug|Any CPU.Build.0 = Debug|Any CPU
		{3CD1E82B-01F8-452C-964E-F4DA7B1211AB}.Release|Any CPU.ActiveCfg = Release|Any CPU
		{3CD1E82B-01F8-452C-964E-F4DA7B1211AB}.Release|Any CPU.Build.0 = Release|Any CPU
		{91DB9356-31C5-47C0-9209-C3C0FD8F6C32}.Debug|Any CPU.ActiveCfg = Debug|Any CPU
		{91DB9356-31C5-47C0-9209-C3C0FD8F6C32}.Debug|Any CPU.Build.0 = Debug|Any CPU
		{91DB9356-31C5-47C0-9209-C3C0FD8F6C32}.Release|Any CPU.ActiveCfg = Release|Any CPU
		{91DB9356-31C5-47C0-9209-C3C0FD8F6C32}.Release|Any CPU.Build.0 = Release|Any CPU
		{B9FDBD7B-BFC2-4387-BBC9-BDB3831587FB}.Debug|Any CPU.ActiveCfg = Debug|Any CPU
		{B9FDBD7B-BFC2-4387-BBC9-BDB3831587FB}.Debug|Any CPU.Build.0 = Debug|Any CPU
		{B9FDBD7B-BFC2-4387-BBC9-BDB3831587FB}.Release|Any CPU.ActiveCfg = Release|Any CPU
		{B9FDBD7B-BFC2-4387-BBC9-BDB3831587FB}.Release|Any CPU.Build.0 = Release|Any CPU
		{1D142A62-48AC-4AFF-8E45-22E6672B02BC}.Debug|Any CPU.ActiveCfg = Debug|Any CPU
		{1D142A62-48AC-4AFF-8E45-22E6672B02BC}.Debug|Any CPU.Build.0 = Debug|Any CPU
		{1D142A62-48AC-4AFF-8E45-22E6672B02BC}.Release|Any CPU.ActiveCfg = Release|Any CPU
		{1D142A62-48AC-4AFF-8E45-22E6672B02BC}.Release|Any CPU.Build.0 = Release|Any CPU
		{928611BE-6239-4882-8E12-EBB9442AEBC8}.Debug|Any CPU.ActiveCfg = Debug|Any CPU
		{928611BE-6239-4882-8E12-EBB9442AEBC8}.Debug|Any CPU.Build.0 = Debug|Any CPU
		{928611BE-6239-4882-8E12-EBB9442AEBC8}.Release|Any CPU.ActiveCfg = Release|Any CPU
		{928611BE-6239-4882-8E12-EBB9442AEBC8}.Release|Any CPU.Build.0 = Release|Any CPU
		{021D2ED7-9B27-466D-8F3E-1F0D79E52D98}.Debug|Any CPU.ActiveCfg = Debug|Any CPU
		{021D2ED7-9B27-466D-8F3E-1F0D79E52D98}.Debug|Any CPU.Build.0 = Debug|Any CPU
		{021D2ED7-9B27-466D-8F3E-1F0D79E52D98}.Release|Any CPU.ActiveCfg = Release|Any CPU
		{021D2ED7-9B27-466D-8F3E-1F0D79E52D98}.Release|Any CPU.Build.0 = Release|Any CPU
	EndGlobalSection
	GlobalSection(SolutionProperties) = preSolution
		HideSolutionNode = FALSE
	EndGlobalSection
	GlobalSection(ExtensibilityGlobals) = postSolution
		SolutionGuid = {83862DFF-C82D-45F3-B2AC-84AA9D79D22C}
	EndGlobalSection
EndGlobal
